
Microsoft Visual Studio Solution File, Format Version 12.00
# Visual Studio Version 16
VisualStudioVersion = 16.0.31424.327
MinimumVisualStudioVersion = 10.0.40219.1
Project("{FAE04EC0-301F-11D3-BF4B-00C04F79EFBC}") = "WebApplication1", "WebApplication1\WebApplication1.csproj", "{A46300CB-3A6F-45EB-B94B-C07746846438}"
EndProject
Global
	GlobalSection(SolutionConfigurationPlatforms) = preSolution
		Debug|Any CPU = Debug|Any CPU
		Release|Any CPU = Release|Any CPU
	EndGlobalSection
	GlobalSection(ProjectConfigurationPlatforms) = postSolution
		{A46300CB-3A6F-45EB-B94B-C07746846438}.Debug|Any CPU.ActiveCfg = Debug|Any CPU
		{A46300CB-3A6F-45EB-B94B-C07746846438}.Debug|Any CPU.Build.0 = Debug|Any CPU
		{A46300CB-3A6F-45EB-B94B-C07746846438}.Release|Any CPU.ActiveCfg = Release|Any CPU
		{A46300CB-3A6F-45EB-B94B-C07746846438}.Release|Any CPU.Build.0 = Release|Any CPU
	EndGlobalSection
	GlobalSection(SolutionProperties) = preSolution
		HideSolutionNode = FALSE
	EndGlobalSection
	GlobalSection(ExtensibilityGlobals) = postSolution
		SolutionGuid = {7E3A7BDC-1B16-48D3-9685-3FE9BD98D571}
	EndGlobalSection
EndGlobal
